{
  "name": "my_project",
  "version": "1.0.0",
  "lockfileVersion": 2,
  "requires": true,
  "packages": {
    "": {
      "name": "my_project",
      "version": "1.0.0",
      "license": "ISC",
      "dependencies": {
        "my_tool": "file:../my_tool"
      }
    },
    "../my_tool": {
      "version": "1.0.0",
      "license": "MIT",
      "bin": {
        "my_tool": "dist/index.js"
      },
      "devDependencies": {
        "@vercel/ncc": "^0.31.1",
        "ndb": "^1.1.5",
        "teenytest": "^6.0.2",
        "testdouble": "^3.16.3"
      }
    },
    "node_modules/my_tool": {
      "resolved": "../my_tool",
      "link": true
    }
  },
  "dependencies": {
    "my_tool": {
      "version": "file:../my_tool",
      "requires": {
        "@vercel/ncc": "^0.31.1",
        "ndb": "^1.1.5",
        "teenytest": "^6.0.2",
        "testdouble": "^3.16.3"
      }
    }
  }
}
